
Microsoft Visual Studio Solution File, Format Version 12.00
# Visual Studio Version 16
VisualStudioVersion = 16.0.30621.155
MinimumVisualStudioVersion = 10.0.40219.1
Project("{FAE04EC0-301F-11D3-BF4B-00C04F79EFBC}") = "OnlineShopping", "OnlineShopping\OnlineShopping.csproj", "{F571D24B-2FD6-4F8B-8F04-BB8537099F7F}"
EndProject
Global
	GlobalSection(SolutionConfigurationPlatforms) = preSolution
		Debug|Any CPU = Debug|Any CPU
		Release|Any CPU = Release|Any CPU
	EndGlobalSection
	GlobalSection(ProjectConfigurationPlatforms) = postSolution
		{F571D24B-2FD6-4F8B-8F04-BB8537099F7F}.Debug|Any CPU.ActiveCfg = Debug|Any CPU
		{F571D24B-2FD6-4F8B-8F04-BB8537099F7F}.Debug|Any CPU.Build.0 = Debug|Any CPU
		{F571D24B-2FD6-4F8B-8F04-BB8537099F7F}.Release|Any CPU.ActiveCfg = Release|Any CPU
		{F571D24B-2FD6-4F8B-8F04-BB8537099F7F}.Release|Any CPU.Build.0 = Release|Any CPU
	EndGlobalSection
	GlobalSection(SolutionProperties) = preSolution
		HideSolutionNode = FALSE
	EndGlobalSection
	GlobalSection(ExtensibilityGlobals) = postSolution
		SolutionGuid = {C3864E6D-77B9-45A4-B7A2-87F795B474A3}
	EndGlobalSection
EndGlobal
